
Microsoft Visual Studio Solution File, Format Version 12.00
# Visual Studio Version 16
VisualStudioVersion = 16.0.29306.81
MinimumVisualStudioVersion = 10.0.40219.1
Project("{FAE04EC0-301F-11D3-BF4B-00C04F79EFBC}") = "ValidationAttrApp", "ValidationAttrApp.csproj", "{781252A7-EBF3-4D51-8FFA-CC096BE5EBFF}"
EndProject
Global
	GlobalSection(SolutionConfigurationPlatforms) = preSolution
		Debug|Any CPU = Debug|Any CPU
		Release|Any CPU = Release|Any CPU
	EndGlobalSection
	GlobalSection(ProjectConfigurationPlatforms) = postSolution
		{781252A7-EBF3-4D51-8FFA-CC096BE5EBFF}.Debug|Any CPU.ActiveCfg = Debug|Any CPU
		{781252A7-EBF3-4D51-8FFA-CC096BE5EBFF}.Debug|Any CPU.Build.0 = Debug|Any CPU
		{781252A7-EBF3-4D51-8FFA-CC096BE5EBFF}.Release|Any CPU.ActiveCfg = Release|Any CPU
		{781252A7-EBF3-4D51-8FFA-CC096BE5EBFF}.Release|Any CPU.Build.0 = Release|Any CPU
	EndGlobalSection
	GlobalSection(SolutionProperties) = preSolution
		HideSolutionNode = FALSE
	EndGlobalSection
	GlobalSection(ExtensibilityGlobals) = postSolution
		SolutionGuid = {B2A072B4-270C-459F-B212-112048059A03}
	EndGlobalSection
EndGlobal
